
Microsoft Visual Studio Solution File, Format Version 12.00
# Visual Studio 15
VisualStudioVersion = 15.0.28307.1401
MinimumVisualStudioVersion = 10.0.40219.1
Project("{F14B399A-7131-4C87-9E4B-1186C45EF12D}") = "Reporting", "Reporting\Reporting.rptproj", "{98B2C2DA-42FA-4142-B8EE-13DC04640216}"
EndProject
Global
	GlobalSection(SolutionConfigurationPlatforms) = preSolution
		Debug|Default = Debug|Default
		DebugLocal|Default = DebugLocal|Default
		Release|Default = Release|Default
	EndGlobalSection
	GlobalSection(ProjectConfigurationPlatforms) = postSolution
		{98B2C2DA-42FA-4142-B8EE-13DC04640216}.Debug|Default.ActiveCfg = Debug
		{98B2C2DA-42FA-4142-B8EE-13DC04640216}.Debug|Default.Build.0 = Debug
		{98B2C2DA-42FA-4142-B8EE-13DC04640216}.Debug|Default.Deploy.0 = Debug
		{98B2C2DA-42FA-4142-B8EE-13DC04640216}.DebugLocal|Default.ActiveCfg = DebugLocal
		{98B2C2DA-42FA-4142-B8EE-13DC04640216}.DebugLocal|Default.Build.0 = DebugLocal
		{98B2C2DA-42FA-4142-B8EE-13DC04640216}.Release|Default.ActiveCfg = Release
		{98B2C2DA-42FA-4142-B8EE-13DC04640216}.Release|Default.Build.0 = Release
		{98B2C2DA-42FA-4142-B8EE-13DC04640216}.Release|Default.Deploy.0 = Release
	EndGlobalSection
	GlobalSection(SolutionProperties) = preSolution
		HideSolutionNode = FALSE
	EndGlobalSection
	GlobalSection(ExtensibilityGlobals) = postSolution
		SolutionGuid = {B864D934-63EB-4F72-87CA-641B3429A035}
	EndGlobalSection
EndGlobal
